
Microsoft Visual Studio Solution File, Format Version 12.00
# Visual Studio 15
VisualStudioVersion = 15.0.28307.421
MinimumVisualStudioVersion = 10.0.40219.1
Project("{FAE04EC0-301F-11D3-BF4B-00C04F79EFBC}") = "AsyncAwaitSoap", "AsyncAwaitSoap\AsyncAwaitSoap.csproj", "{B2D2DEB2-5B65-43C4-881D-BBF4EFE593DE}"
EndProject
Project("{FAE04EC0-301F-11D3-BF4B-00C04F79EFBC}") = "WithoutAsyncAwaitSoap", "WithoutAsyncAwaitSoap\WithoutAsyncAwaitSoap.csproj", "{01432AAB-57FA-48DE-AB29-949EF670E3AF}"
EndProject
Global
	GlobalSection(SolutionConfigurationPlatforms) = preSolution
		Debug|Any CPU = Debug|Any CPU
		Release|Any CPU = Release|Any CPU
	EndGlobalSection
	GlobalSection(ProjectConfigurationPlatforms) = postSolution
		{B2D2DEB2-5B65-43C4-881D-BBF4EFE593DE}.Debug|Any CPU.ActiveCfg = Debug|Any CPU
		{B2D2DEB2-5B65-43C4-881D-BBF4EFE593DE}.Debug|Any CPU.Build.0 = Debug|Any CPU
		{B2D2DEB2-5B65-43C4-881D-BBF4EFE593DE}.Release|Any CPU.ActiveCfg = Release|Any CPU
		{B2D2DEB2-5B65-43C4-881D-BBF4EFE593DE}.Release|Any CPU.Build.0 = Release|Any CPU
		{01432AAB-57FA-48DE-AB29-949EF670E3AF}.Debug|Any CPU.ActiveCfg = Debug|Any CPU
		{01432AAB-57FA-48DE-AB29-949EF670E3AF}.Debug|Any CPU.Build.0 = Debug|Any CPU
		{01432AAB-57FA-48DE-AB29-949EF670E3AF}.Release|Any CPU.ActiveCfg = Release|Any CPU
		{01432AAB-57FA-48DE-AB29-949EF670E3AF}.Release|Any CPU.Build.0 = Release|Any CPU
	EndGlobalSection
	GlobalSection(SolutionProperties) = preSolution
		HideSolutionNode = FALSE
	EndGlobalSection
	GlobalSection(ExtensibilityGlobals) = postSolution
		SolutionGuid = {1B6173D6-BC44-4E09-9E7E-0A37E2D1BA24}
	EndGlobalSection
EndGlobal
